
Microsoft Visual Studio Solution File, Format Version 12.00
# Visual Studio Version 17
VisualStudioVersion = 17.3.32929.385
MinimumVisualStudioVersion = 10.0.40219.1
Project("{FAE04EC0-301F-11D3-BF4B-00C04F79EFBC}") = "HelloWorld6", "HelloWorld6\HelloWorld6.csproj", "{9DA8F22D-2C04-420D-9F89-43545FB019E9}"
EndProject
Project("{FAE04EC0-301F-11D3-BF4B-00C04F79EFBC}") = "BuildingBlocks", "BuildingBlocks\BuildingBlocks.csproj", "{909A85D8-4FC5-4BA1-9D76-DCB6D6AAF6C2}"
EndProject
Project("{FAE04EC0-301F-11D3-BF4B-00C04F79EFBC}") = "ObjectInvestigation", "ObjectInvestigation\ObjectInvestigation.csproj", "{677250B3-96B8-4E07-8992-9E7107C89C0F}"
EndProject
Project("{FAE04EC0-301F-11D3-BF4B-00C04F79EFBC}") = "PlayingCardInvestigation", "PlayingCardInvestigation\PlayingCardInvestigation.csproj", "{08523C31-063B-42E8-8EBA-C5BB89833DE6}"
EndProject
Project("{FAE04EC0-301F-11D3-BF4B-00C04F79EFBC}") = "OOInvestigation", "OOInvestigation\OOInvestigation.csproj", "{6E25886E-F4B3-43CC-9DD6-E269F6270176}"
EndProject
Project("{FAE04EC0-301F-11D3-BF4B-00C04F79EFBC}") = "StringInvestigation", "StringInvestigation\StringInvestigation.csproj", "{E4CB0369-7CE8-4881-9F5B-0D6B84338484}"
EndProject
Project("{FAE04EC0-301F-11D3-BF4B-00C04F79EFBC}") = "CollectionInvestigation", "CollectionInvestigation\CollectionInvestigation.csproj", "{7DF6F9AB-B9DA-41E6-A846-F74D548FD235}"
EndProject
Project("{FAE04EC0-301F-11D3-BF4B-00C04F79EFBC}") = "StaticInvestigation", "StaticInvestigation\StaticInvestigation.csproj", "{2DC167C6-D8B5-4AB0-8FB5-593EC32ABBA7}"
EndProject
Project("{FAE04EC0-301F-11D3-BF4B-00C04F79EFBC}") = "ExceptionInvestigation", "ExceptionInvestigation\ExceptionInvestigation.csproj", "{AA15733E-F152-494A-A96E-3FAAB131D0C4}"
EndProject
Project("{FAE04EC0-301F-11D3-BF4B-00C04F79EFBC}") = "SqliteHelloWorld", "SqliteHelloWorld\SqliteHelloWorld.csproj", "{035D7475-58EA-4CC4-A267-9A7A5205E4FE}"
EndProject
Project("{FAE04EC0-301F-11D3-BF4B-00C04F79EFBC}") = "DaoInvestigation", "DaoInvestigation\DaoInvestigation.csproj", "{36CC600C-7465-4C36-A54A-112A3A470A9A}"
EndProject
Project("{D954291E-2A0B-460D-934E-DC6B0785DB48}") = "UserDaoLibrary", "UserDaoLibrary\UserDaoLibrary.shproj", "{C6405A19-16C7-4C19-AFA3-7CAB6F3910B4}"
EndProject
Project("{FAE04EC0-301F-11D3-BF4B-00C04F79EFBC}") = "ConsoleUserDaoInvestigation", "ConsoleUserDaoInvestigation\ConsoleUserDaoInvestigation.csproj", "{D03A5501-C38F-4BBF-94CB-2D8978AD94A5}"
EndProject
Project("{FAE04EC0-301F-11D3-BF4B-00C04F79EFBC}") = "UserDaoLibraryTest", "UserDaoLibraryTest\UserDaoLibraryTest.csproj", "{9E57EA9E-6AC3-4897-BC4F-BAF81AF98941}"
EndProject
Project("{FAE04EC0-301F-11D3-BF4B-00C04F79EFBC}") = "LambdaExpressionInvestigation", "LambdaExpressionInvestigation\LambdaExpressionInvestigation.csproj", "{56CA728F-FC13-4B67-B01B-F2ACCC2F2BB5}"
EndProject
Project("{FAE04EC0-301F-11D3-BF4B-00C04F79EFBC}") = "HelloWorldWebApp", "HelloWorldWebApp\HelloWorldWebApp.csproj", "{6FEDD441-BC39-4B82-878E-4307B332AC80}"
EndProject
Global
	GlobalSection(SolutionConfigurationPlatforms) = preSolution
		Debug|Any CPU = Debug|Any CPU
		Release|Any CPU = Release|Any CPU
	EndGlobalSection
	GlobalSection(ProjectConfigurationPlatforms) = postSolution
		{9DA8F22D-2C04-420D-9F89-43545FB019E9}.Debug|Any CPU.ActiveCfg = Debug|Any CPU
		{9DA8F22D-2C04-420D-9F89-43545FB019E9}.Debug|Any CPU.Build.0 = Debug|Any CPU
		{9DA8F22D-2C04-420D-9F89-43545FB019E9}.Release|Any CPU.ActiveCfg = Release|Any CPU
		{9DA8F22D-2C04-420D-9F89-43545FB019E9}.Release|Any CPU.Build.0 = Release|Any CPU
		{909A85D8-4FC5-4BA1-9D76-DCB6D6AAF6C2}.Debug|Any CPU.ActiveCfg = Debug|Any CPU
		{909A85D8-4FC5-4BA1-9D76-DCB6D6AAF6C2}.Debug|Any CPU.Build.0 = Debug|Any CPU
		{909A85D8-4FC5-4BA1-9D76-DCB6D6AAF6C2}.Release|Any CPU.ActiveCfg = Release|Any CPU
		{909A85D8-4FC5-4BA1-9D76-DCB6D6AAF6C2}.Release|Any CPU.Build.0 = Release|Any CPU
		{677250B3-96B8-4E07-8992-9E7107C89C0F}.Debug|Any CPU.ActiveCfg = Debug|Any CPU
		{677250B3-96B8-4E07-8992-9E7107C89C0F}.Debug|Any CPU.Build.0 = Debug|Any CPU
		{677250B3-96B8-4E07-8992-9E7107C89C0F}.Release|Any CPU.ActiveCfg = Release|Any CPU
		{677250B3-96B8-4E07-8992-9E7107C89C0F}.Release|Any CPU.Build.0 = Release|Any CPU
		{08523C31-063B-42E8-8EBA-C5BB89833DE6}.Debug|Any CPU.ActiveCfg = Debug|Any CPU
		{08523C31-063B-42E8-8EBA-C5BB89833DE6}.Debug|Any CPU.Build.0 = Debug|Any CPU
		{08523C31-063B-42E8-8EBA-C5BB89833DE6}.Release|Any CPU.ActiveCfg = Release|Any CPU
		{08523C31-063B-42E8-8EBA-C5BB89833DE6}.Release|Any CPU.Build.0 = Release|Any CPU
		{6E25886E-F4B3-43CC-9DD6-E269F6270176}.Debug|Any CPU.ActiveCfg = Debug|Any CPU
		{6E25886E-F4B3-43CC-9DD6-E269F6270176}.Debug|Any CPU.Build.0 = Debug|Any CPU
		{6E25886E-F4B3-43CC-9DD6-E269F6270176}.Release|Any CPU.ActiveCfg = Release|Any CPU
		{6E25886E-F4B3-43CC-9DD6-E269F6270176}.Release|Any CPU.Build.0 = Release|Any CPU
		{E4CB0369-7CE8-4881-9F5B-0D6B84338484}.Debug|Any CPU.ActiveCfg = Debug|Any CPU
		{E4CB0369-7CE8-4881-9F5B-0D6B84338484}.Debug|Any CPU.Build.0 = Debug|Any CPU
		{E4CB0369-7CE8-4881-9F5B-0D6B84338484}.Release|Any CPU.ActiveCfg = Release|Any CPU
		{E4CB0369-7CE8-4881-9F5B-0D6B84338484}.Release|Any CPU.Build.0 = Release|Any CPU
		{7DF6F9AB-B9DA-41E6-A846-F74D548FD235}.Debug|Any CPU.ActiveCfg = Debug|Any CPU
		{7DF6F9AB-B9DA-41E6-A846-F74D548FD235}.Debug|Any CPU.Build.0 = Debug|Any CPU
		{7DF6F9AB-B9DA-41E6-A846-F74D548FD235}.Release|Any CPU.ActiveCfg = Release|Any CPU
		{7DF6F9AB-B9DA-41E6-A846-F74D548FD235}.Release|Any CPU.Build.0 = Release|Any CPU
		{2DC167C6-D8B5-4AB0-8FB5-593EC32ABBA7}.Debug|Any CPU.ActiveCfg = Debug|Any CPU
		{2DC167C6-D8B5-4AB0-8FB5-593EC32ABBA7}.Debug|Any CPU.Build.0 = Debug|Any CPU
		{2DC167C6-D8B5-4AB0-8FB5-593EC32ABBA7}.Release|Any CPU.ActiveCfg = Release|Any CPU
		{2DC167C6-D8B5-4AB0-8FB5-593EC32ABBA7}.Release|Any CPU.Build.0 = Release|Any CPU
		{AA15733E-F152-494A-A96E-3FAAB131D0C4}.Debug|Any CPU.ActiveCfg = Debug|Any CPU
		{AA15733E-F152-494A-A96E-3FAAB131D0C4}.Debug|Any CPU.Build.0 = Debug|Any CPU
		{AA15733E-F152-494A-A96E-3FAAB131D0C4}.Release|Any CPU.ActiveCfg = Release|Any CPU
		{AA15733E-F152-494A-A96E-3FAAB131D0C4}.Release|Any CPU.Build.0 = Release|Any CPU
		{035D7475-58EA-4CC4-A267-9A7A5205E4FE}.Debug|Any CPU.ActiveCfg = Debug|Any CPU
		{035D7475-58EA-4CC4-A267-9A7A5205E4FE}.Debug|Any CPU.Build.0 = Debug|Any CPU
		{035D7475-58EA-4CC4-A267-9A7A5205E4FE}.Release|Any CPU.ActiveCfg = Release|Any CPU
		{035D7475-58EA-4CC4-A267-9A7A5205E4FE}.Release|Any CPU.Build.0 = Release|Any CPU
		{36CC600C-7465-4C36-A54A-112A3A470A9A}.Debug|Any CPU.ActiveCfg = Debug|Any CPU
		{36CC600C-7465-4C36-A54A-112A3A470A9A}.Debug|Any CPU.Build.0 = Debug|Any CPU
		{36CC600C-7465-4C36-A54A-112A3A470A9A}.Release|Any CPU.ActiveCfg = Release|Any CPU
		{36CC600C-7465-4C36-A54A-112A3A470A9A}.Release|Any CPU.Build.0 = Release|Any CPU
		{D03A5501-C38F-4BBF-94CB-2D8978AD94A5}.Debug|Any CPU.ActiveCfg = Debug|Any CPU
		{D03A5501-C38F-4BBF-94CB-2D8978AD94A5}.Debug|Any CPU.Build.0 = Debug|Any CPU
		{D03A5501-C38F-4BBF-94CB-2D8978AD94A5}.Release|Any CPU.ActiveCfg = Release|Any CPU
		{D03A5501-C38F-4BBF-94CB-2D8978AD94A5}.Release|Any CPU.Build.0 = Release|Any CPU
		{9E57EA9E-6AC3-4897-BC4F-BAF81AF98941}.Debug|Any CPU.ActiveCfg = Debug|Any CPU
		{9E57EA9E-6AC3-4897-BC4F-BAF81AF98941}.Debug|Any CPU.Build.0 = Debug|Any CPU
		{9E57EA9E-6AC3-4897-BC4F-BAF81AF98941}.Release|Any CPU.ActiveCfg = Release|Any CPU
		{9E57EA9E-6AC3-4897-BC4F-BAF81AF98941}.Release|Any CPU.Build.0 = Release|Any CPU
		{56CA728F-FC13-4B67-B01B-F2ACCC2F2BB5}.Debug|Any CPU.ActiveCfg = Debug|Any CPU
		{56CA728F-FC13-4B67-B01B-F2ACCC2F2BB5}.Debug|Any CPU.Build.0 = Debug|Any CPU
		{56CA728F-FC13-4B67-B01B-F2ACCC2F2BB5}.Release|Any CPU.ActiveCfg = Release|Any CPU
		{56CA728F-FC13-4B67-B01B-F2ACCC2F2BB5}.Release|Any CPU.Build.0 = Release|Any CPU
		{6FEDD441-BC39-4B82-878E-4307B332AC80}.Debug|Any CPU.ActiveCfg = Debug|Any CPU
		{6FEDD441-BC39-4B82-878E-4307B332AC80}.Debug|Any CPU.Build.0 = Debug|Any CPU
		{6FEDD441-BC39-4B82-878E-4307B332AC80}.Release|Any CPU.ActiveCfg = Release|Any CPU
		{6FEDD441-BC39-4B82-878E-4307B332AC80}.Release|Any CPU.Build.0 = Release|Any CPU
	EndGlobalSection
	GlobalSection(SolutionProperties) = preSolution
		HideSolutionNode = FALSE
	EndGlobalSection
	GlobalSection(ExtensibilityGlobals) = postSolution
		SolutionGuid = {A817EEAB-7794-4D1E-87C8-1F19D08DB38E}
	EndGlobalSection
	GlobalSection(SharedMSBuildProjectFiles) = preSolution
		UserDaoLibrary\UserDaoLibrary.projitems*{56ca728f-fc13-4b67-b01b-f2accc2f2bb5}*SharedItemsImports = 5
		UserDaoLibrary\UserDaoLibrary.projitems*{9e57ea9e-6ac3-4897-bc4f-baf81af98941}*SharedItemsImports = 5
		UserDaoLibrary\UserDaoLibrary.projitems*{c6405a19-16c7-4c19-afa3-7cab6f3910b4}*SharedItemsImports = 13
		UserDaoLibrary\UserDaoLibrary.projitems*{d03a5501-c38f-4bbf-94cb-2d8978ad94a5}*SharedItemsImports = 5
	EndGlobalSection
EndGlobal
